
Microsoft Visual Studio Solution File, Format Version 12.00
# Visual Studio Version 17
VisualStudioVersion = 17.0.0.0
MinimumVisualStudioVersion = 10.0.40219.1
Project("{FAE04EC0-301F-11D3-BF4B-00C04F79EFBC}") = "Lunar.Client", "Lunar.Client\Lunar.Client.csproj", "{7059DCBE-446A-4B6F-A27C-CCF0BC84755E}"
EndProject
Project("{FAE04EC0-301F-11D3-BF4B-00C04F79EFBC}") = "Lunar.Client.Desktop", "Lunar.Client.Desktop\Lunar.Client.Desktop.csproj", "{A1B2C3D4-E5F6-7890-ABCD-EF1234567890}"
EndProject
Project("{FAE04EC0-301F-11D3-BF4B-00C04F79EFBC}") = "Lunar.Client.Mobile", "Lunar.Client.Mobile\Lunar.Client.Mobile.csproj", "{B2C3D4E5-F6A7-8901-BCDE-F12345678901}"
EndProject
Project("{FAE04EC0-301F-11D3-BF4B-00C04F79EFBC}") = "Lunar.Graphics", "Lunar.Graphics\Lunar.Graphics.csproj", "{AFD594BC-5272-4B55-B30D-2DCED67C6930}"
EndProject
Project("{FAE04EC0-301F-11D3-BF4B-00C04F79EFBC}") = "Lunar.Server", "Lunar.Server\Lunar.Server.csproj", "{7FD9C949-9921-44D4-8DD8-0C59A3171849}"
EndProject
Project("{FAE04EC0-301F-11D3-BF4B-00C04F79EFBC}") = "Lunar.Core", "Lunar.Core\Lunar.Core.csproj", "{60010A47-51D9-4668-BEDF-4F09034A8D2C}"
EndProject
Project("{FAE04EC0-301F-11D3-BF4B-00C04F79EFBC}") = "Lunar.Tools.Editor.Contracts", "Lunar.Tools.Editor.Contracts\Lunar.Tools.Editor.Contracts.csproj", "{6FF831A8-FD11-4516-9C82-DB8B69A44214}"
EndProject
Project("{FAE04EC0-301F-11D3-BF4B-00C04F79EFBC}") = "Lunar.Tools.Editor.Core", "Lunar.Tools.Editor.Core\Lunar.Tools.Editor.Core.csproj", "{682DA7B8-14B6-4631-A048-0FFD1A718162}"
EndProject
Project("{FAE04EC0-301F-11D3-BF4B-00C04F79EFBC}") = "Lunar.Tools.Editor.Api", "Lunar.Tools.Editor.Api\Lunar.Tools.Editor.Api.csproj", "{00D67271-C0FF-4E9D-AE3C-1D269C6F457C}"
EndProject
Project("{FAE04EC0-301F-11D3-BF4B-00C04F79EFBC}") = "Lunar.Core.Tests", "Lunar.Core.Tests\Lunar.Core.Tests.csproj", "{713129D8-76CC-4533-8E93-F1E19F1EA32C}"
EndProject
Global
	GlobalSection(SolutionConfigurationPlatforms) = preSolution
		Debug|Any CPU = Debug|Any CPU
		Debug|x64 = Debug|x64
		Debug|x86 = Debug|x86
		Release|Any CPU = Release|Any CPU
		Release|x64 = Release|x64
		Release|x86 = Release|x86
	EndGlobalSection
	GlobalSection(ProjectConfigurationPlatforms) = postSolution
		{7059DCBE-446A-4B6F-A27C-CCF0BC84755E}.Debug|Any CPU.ActiveCfg = Debug|Any CPU
		{7059DCBE-446A-4B6F-A27C-CCF0BC84755E}.Debug|Any CPU.Build.0 = Debug|Any CPU
		{7059DCBE-446A-4B6F-A27C-CCF0BC84755E}.Debug|x64.ActiveCfg = Debug|Any CPU
		{7059DCBE-446A-4B6F-A27C-CCF0BC84755E}.Debug|x64.Build.0 = Debug|Any CPU
		{7059DCBE-446A-4B6F-A27C-CCF0BC84755E}.Debug|x86.ActiveCfg = Debug|Any CPU
		{7059DCBE-446A-4B6F-A27C-CCF0BC84755E}.Debug|x86.Build.0 = Debug|Any CPU
		{7059DCBE-446A-4B6F-A27C-CCF0BC84755E}.Release|Any CPU.ActiveCfg = Release|Any CPU
		{7059DCBE-446A-4B6F-A27C-CCF0BC84755E}.Release|Any CPU.Build.0 = Release|Any CPU
		{7059DCBE-446A-4B6F-A27C-CCF0BC84755E}.Release|x64.ActiveCfg = Release|Any CPU
		{7059DCBE-446A-4B6F-A27C-CCF0BC84755E}.Release|x64.Build.0 = Release|Any CPU
		{7059DCBE-446A-4B6F-A27C-CCF0BC84755E}.Release|x86.ActiveCfg = Release|Any CPU
		{7059DCBE-446A-4B6F-A27C-CCF0BC84755E}.Release|x86.Build.0 = Release|Any CPU
		{A1B2C3D4-E5F6-7890-ABCD-EF1234567890}.Debug|Any CPU.ActiveCfg = Debug|Any CPU
		{A1B2C3D4-E5F6-7890-ABCD-EF1234567890}.Debug|Any CPU.Build.0 = Debug|Any CPU
		{A1B2C3D4-E5F6-7890-ABCD-EF1234567890}.Debug|x64.ActiveCfg = Debug|Any CPU
		{A1B2C3D4-E5F6-7890-ABCD-EF1234567890}.Debug|x64.Build.0 = Debug|Any CPU
		{A1B2C3D4-E5F6-7890-ABCD-EF1234567890}.Debug|x86.ActiveCfg = Debug|Any CPU
		{A1B2C3D4-E5F6-7890-ABCD-EF1234567890}.Debug|x86.Build.0 = Debug|Any CPU
		{A1B2C3D4-E5F6-7890-ABCD-EF1234567890}.Release|Any CPU.ActiveCfg = Release|Any CPU
		{A1B2C3D4-E5F6-7890-ABCD-EF1234567890}.Release|Any CPU.Build.0 = Release|Any CPU
		{A1B2C3D4-E5F6-7890-ABCD-EF1234567890}.Release|x64.ActiveCfg = Release|Any CPU
		{A1B2C3D4-E5F6-7890-ABCD-EF1234567890}.Release|x64.Build.0 = Release|Any CPU
		{A1B2C3D4-E5F6-7890-ABCD-EF1234567890}.Release|x86.ActiveCfg = Release|Any CPU
		{A1B2C3D4-E5F6-7890-ABCD-EF1234567890}.Release|x86.Build.0 = Release|Any CPU
		{B2C3D4E5-F6A7-8901-BCDE-F12345678901}.Debug|x64.ActiveCfg = Debug|Any CPU
		{B2C3D4E5-F6A7-8901-BCDE-F12345678901}.Debug|x64.Build.0 = Debug|Any CPU
		{B2C3D4E5-F6A7-8901-BCDE-F12345678901}.Debug|x86.ActiveCfg = Debug|Any CPU
		{B2C3D4E5-F6A7-8901-BCDE-F12345678901}.Debug|x86.Build.0 = Debug|Any CPU
		{B2C3D4E5-F6A7-8901-BCDE-F12345678901}.Release|x64.ActiveCfg = Release|Any CPU
		{B2C3D4E5-F6A7-8901-BCDE-F12345678901}.Release|x64.Build.0 = Release|Any CPU
		{B2C3D4E5-F6A7-8901-BCDE-F12345678901}.Release|x86.ActiveCfg = Release|Any CPU
		{B2C3D4E5-F6A7-8901-BCDE-F12345678901}.Release|x86.Build.0 = Release|Any CPU
		{AFD594BC-5272-4B55-B30D-2DCED67C6930}.Debug|Any CPU.ActiveCfg = Debug|Any CPU
		{AFD594BC-5272-4B55-B30D-2DCED67C6930}.Debug|Any CPU.Build.0 = Debug|Any CPU
		{AFD594BC-5272-4B55-B30D-2DCED67C6930}.Debug|x64.ActiveCfg = Debug|Any CPU
		{AFD594BC-5272-4B55-B30D-2DCED67C6930}.Debug|x64.Build.0 = Debug|Any CPU
		{AFD594BC-5272-4B55-B30D-2DCED67C6930}.Debug|x86.ActiveCfg = Debug|Any CPU
		{AFD594BC-5272-4B55-B30D-2DCED67C6930}.Debug|x86.Build.0 = Debug|Any CPU
		{AFD594BC-5272-4B55-B30D-2DCED67C6930}.Release|Any CPU.ActiveCfg = Release|Any CPU
		{AFD594BC-5272-4B55-B30D-2DCED67C6930}.Release|Any CPU.Build.0 = Release|Any CPU
		{AFD594BC-5272-4B55-B30D-2DCED67C6930}.Release|x64.ActiveCfg = Release|Any CPU
		{AFD594BC-5272-4B55-B30D-2DCED67C6930}.Release|x64.Build.0 = Release|Any CPU
		{AFD594BC-5272-4B55-B30D-2DCED67C6930}.Release|x86.ActiveCfg = Release|Any CPU
		{AFD594BC-5272-4B55-B30D-2DCED67C6930}.Release|x86.Build.0 = Release|Any CPU
		{7FD9C949-9921-44D4-8DD8-0C59A3171849}.Debug|Any CPU.ActiveCfg = Debug|Any CPU
		{7FD9C949-9921-44D4-8DD8-0C59A3171849}.Debug|Any CPU.Build.0 = Debug|Any CPU
		{7FD9C949-9921-44D4-8DD8-0C59A3171849}.Debug|x64.ActiveCfg = Debug|Any CPU
		{7FD9C949-9921-44D4-8DD8-0C59A3171849}.Debug|x64.Build.0 = Debug|Any CPU
		{7FD9C949-9921-44D4-8DD8-0C59A3171849}.Debug|x86.ActiveCfg = Debug|Any CPU
		{7FD9C949-9921-44D4-8DD8-0C59A3171849}.Debug|x86.Build.0 = Debug|Any CPU
		{7FD9C949-9921-44D4-8DD8-0C59A3171849}.Release|Any CPU.ActiveCfg = Release|Any CPU
		{7FD9C949-9921-44D4-8DD8-0C59A3171849}.Release|Any CPU.Build.0 = Release|Any CPU
		{7FD9C949-9921-44D4-8DD8-0C59A3171849}.Release|x64.ActiveCfg = Release|Any CPU
		{7FD9C949-9921-44D4-8DD8-0C59A3171849}.Release|x64.Build.0 = Release|Any CPU
		{7FD9C949-9921-44D4-8DD8-0C59A3171849}.Release|x86.ActiveCfg = Release|Any CPU
		{7FD9C949-9921-44D4-8DD8-0C59A3171849}.Release|x86.Build.0 = Release|Any CPU
		{60010A47-51D9-4668-BEDF-4F09034A8D2C}.Debug|Any CPU.ActiveCfg = Debug|Any CPU
		{60010A47-51D9-4668-BEDF-4F09034A8D2C}.Debug|Any CPU.Build.0 = Debug|Any CPU
		{60010A47-51D9-4668-BEDF-4F09034A8D2C}.Debug|x64.ActiveCfg = Debug|Any CPU
		{60010A47-51D9-4668-BEDF-4F09034A8D2C}.Debug|x64.Build.0 = Debug|Any CPU
		{60010A47-51D9-4668-BEDF-4F09034A8D2C}.Debug|x86.ActiveCfg = Debug|Any CPU
		{60010A47-51D9-4668-BEDF-4F09034A8D2C}.Debug|x86.Build.0 = Debug|Any CPU
		{60010A47-51D9-4668-BEDF-4F09034A8D2C}.Release|Any CPU.ActiveCfg = Release|Any CPU
		{60010A47-51D9-4668-BEDF-4F09034A8D2C}.Release|Any CPU.Build.0 = Release|Any CPU
		{60010A47-51D9-4668-BEDF-4F09034A8D2C}.Release|x64.ActiveCfg = Release|Any CPU
		{60010A47-51D9-4668-BEDF-4F09034A8D2C}.Release|x64.Build.0 = Release|Any CPU
		{60010A47-51D9-4668-BEDF-4F09034A8D2C}.Release|x86.ActiveCfg = Release|Any CPU
		{60010A47-51D9-4668-BEDF-4F09034A8D2C}.Release|x86.Build.0 = Release|Any CPU
		{6FF831A8-FD11-4516-9C82-DB8B69A44214}.Debug|Any CPU.ActiveCfg = Debug|Any CPU
		{6FF831A8-FD11-4516-9C82-DB8B69A44214}.Debug|Any CPU.Build.0 = Debug|Any CPU
		{6FF831A8-FD11-4516-9C82-DB8B69A44214}.Debug|x64.ActiveCfg = Debug|Any CPU
		{6FF831A8-FD11-4516-9C82-DB8B69A44214}.Debug|x64.Build.0 = Debug|Any CPU
		{6FF831A8-FD11-4516-9C82-DB8B69A44214}.Debug|x86.ActiveCfg = Debug|Any CPU
		{6FF831A8-FD11-4516-9C82-DB8B69A44214}.Debug|x86.Build.0 = Debug|Any CPU
		{6FF831A8-FD11-4516-9C82-DB8B69A44214}.Release|Any CPU.ActiveCfg = Release|Any CPU
		{6FF831A8-FD11-4516-9C82-DB8B69A44214}.Release|Any CPU.Build.0 = Release|Any CPU
		{6FF831A8-FD11-4516-9C82-DB8B69A44214}.Release|x64.ActiveCfg = Release|Any CPU
		{6FF831A8-FD11-4516-9C82-DB8B69A44214}.Release|x64.Build.0 = Release|Any CPU
		{6FF831A8-FD11-4516-9C82-DB8B69A44214}.Release|x86.ActiveCfg = Release|Any CPU
		{6FF831A8-FD11-4516-9C82-DB8B69A44214}.Release|x86.Build.0 = Release|Any CPU
		{682DA7B8-14B6-4631-A048-0FFD1A718162}.Debug|Any CPU.ActiveCfg = Debug|Any CPU
		{682DA7B8-14B6-4631-A048-0FFD1A718162}.Debug|Any CPU.Build.0 = Debug|Any CPU
		{682DA7B8-14B6-4631-A048-0FFD1A718162}.Debug|x64.ActiveCfg = Debug|Any CPU
		{682DA7B8-14B6-4631-A048-0FFD1A718162}.Debug|x64.Build.0 = Debug|Any CPU
		{682DA7B8-14B6-4631-A048-0FFD1A718162}.Debug|x86.ActiveCfg = Debug|Any CPU
		{682DA7B8-14B6-4631-A048-0FFD1A718162}.Debug|x86.Build.0 = Debug|Any CPU
		{682DA7B8-14B6-4631-A048-0FFD1A718162}.Release|Any CPU.ActiveCfg = Release|Any CPU
		{682DA7B8-14B6-4631-A048-0FFD1A718162}.Release|Any CPU.Build.0 = Release|Any CPU
		{682DA7B8-14B6-4631-A048-0FFD1A718162}.Release|x64.ActiveCfg = Release|Any CPU
		{682DA7B8-14B6-4631-A048-0FFD1A718162}.Release|x64.Build.0 = Release|Any CPU
		{682DA7B8-14B6-4631-A048-0FFD1A718162}.Release|x86.ActiveCfg = Release|Any CPU
		{682DA7B8-14B6-4631-A048-0FFD1A718162}.Release|x86.Build.0 = Release|Any CPU
		{00D67271-C0FF-4E9D-AE3C-1D269C6F457C}.Debug|Any CPU.ActiveCfg = Debug|Any CPU
		{00D67271-C0FF-4E9D-AE3C-1D269C6F457C}.Debug|Any CPU.Build.0 = Debug|Any CPU
		{00D67271-C0FF-4E9D-AE3C-1D269C6F457C}.Debug|x64.ActiveCfg = Debug|Any CPU
		{00D67271-C0FF-4E9D-AE3C-1D269C6F457C}.Debug|x64.Build.0 = Debug|Any CPU
		{00D67271-C0FF-4E9D-AE3C-1D269C6F457C}.Debug|x86.ActiveCfg = Debug|Any CPU
		{00D67271-C0FF-4E9D-AE3C-1D269C6F457C}.Debug|x86.Build.0 = Debug|Any CPU
		{00D67271-C0FF-4E9D-AE3C-1D269C6F457C}.Release|Any CPU.ActiveCfg = Release|Any CPU
		{00D67271-C0FF-4E9D-AE3C-1D269C6F457C}.Release|Any CPU.Build.0 = Release|Any CPU
		{00D67271-C0FF-4E9D-AE3C-1D269C6F457C}.Release|x64.ActiveCfg = Release|Any CPU
		{00D67271-C0FF-4E9D-AE3C-1D269C6F457C}.Release|x64.Build.0 = Release|Any CPU
		{00D67271-C0FF-4E9D-AE3C-1D269C6F457C}.Release|x86.ActiveCfg = Release|Any CPU
		{00D67271-C0FF-4E9D-AE3C-1D269C6F457C}.Release|x86.Build.0 = Release|Any CPU
		{713129D8-76CC-4533-8E93-F1E19F1EA32C}.Debug|Any CPU.ActiveCfg = Debug|Any CPU
		{713129D8-76CC-4533-8E93-F1E19F1EA32C}.Debug|Any CPU.Build.0 = Debug|Any CPU
		{713129D8-76CC-4533-8E93-F1E19F1EA32C}.Debug|x64.ActiveCfg = Debug|Any CPU
		{713129D8-76CC-4533-8E93-F1E19F1EA32C}.Debug|x64.Build.0 = Debug|Any CPU
		{713129D8-76CC-4533-8E93-F1E19F1EA32C}.Debug|x86.ActiveCfg = Debug|Any CPU
		{713129D8-76CC-4533-8E93-F1E19F1EA32C}.Debug|x86.Build.0 = Debug|Any CPU
		{713129D8-76CC-4533-8E93-F1E19F1EA32C}.Release|Any CPU.ActiveCfg = Release|Any CPU
		{713129D8-76CC-4533-8E93-F1E19F1EA32C}.Release|Any CPU.Build.0 = Release|Any CPU
		{713129D8-76CC-4533-8E93-F1E19F1EA32C}.Release|x64.ActiveCfg = Release|Any CPU
		{713129D8-76CC-4533-8E93-F1E19F1EA32C}.Release|x64.Build.0 = Release|Any CPU
		{713129D8-76CC-4533-8E93-F1E19F1EA32C}.Release|x86.ActiveCfg = Release|Any CPU
		{713129D8-76CC-4533-8E93-F1E19F1EA32C}.Release|x86.Build.0 = Release|Any CPU
	EndGlobalSection
	GlobalSection(SolutionProperties) = preSolution
		HideSolutionNode = FALSE
	EndGlobalSection
	GlobalSection(ExtensibilityGlobals) = postSolution
		SolutionGuid = {85021779-2466-4207-B8C5-EDEED5A90A87}
	EndGlobalSection
EndGlobal
